// !$*UTF8*$!
{
	archiveVersion = 1;
	classes = {
	};
	objectVersion = 56;
	objects = {

/* Begin PBXBuildFile section */
		398694D62B8AAE8200E7E871 /* AppDelegate.swift in Sources */ = {isa = PBXBuildFile; fileRef = 398694D52B8AAE8200E7E871 /* AppDelegate.swift */; };
		398694D82B8AAE8200E7E871 /* SceneDelegate.swift in Sources */ = {isa = PBXBuildFile; fileRef = 398694D72B8AAE8200E7E871 /* SceneDelegate.swift */; };
		398694DA2B8AAE8200E7E871 /* ViewController.swift in Sources */ = {isa = PBXBuildFile; fileRef = 398694D92B8AAE8200E7E871 /* ViewController.swift */; };
		398694DD2B8AAE8200E7E871 /* Main.storyboard in Resources */ = {isa = PBXBuildFile; fileRef = 398694DB2B8AAE8200E7E871 /* Main.storyboard */; };
		398694DF2B8AAE8300E7E871 /* Assets.xcassets in Resources */ = {isa = PBXBuildFile; fileRef = 398694DE2B8AAE8300E7E871 /* Assets.xcassets */; };
		398694E22B8AAE8300E7E871 /* LaunchScreen.storyboard in Resources */ = {isa = PBXBuildFile; fileRef = 398694E02B8AAE8300E7E871 /* LaunchScreen.storyboard */; };
		398694ED2B8AAE8400E7E871 /* TableViewTests.swift in Sources */ = {isa = PBXBuildFile; fileRef = 398694EC2B8AAE8400E7E871 /* TableViewTests.swift */; };
		398694F72B8AAE8400E7E871 /* TableViewUITests.swift in Sources */ = {isa = PBXBuildFile; fileRef = 398694F62B8AAE8400E7E871 /* TableViewUITests.swift */; };
		398694F92B8AAE8400E7E871 /* TableViewUITestsLaunchTests.swift in Sources */ = {isa = PBXBuildFile; fileRef = 398694F82B8AAE8400E7E871 /* TableViewUITestsLaunchTests.swift */; };
/* End PBXBuildFile section */

/* Begin PBXContainerItemProxy section */
		398694E92B8AAE8400E7E871 /* PBXContainerItemProxy */ = {
			isa = PBXContainerItemProxy;
			containerPortal = 398694CA2B8AAE8200E7E871 /* Project object */;
			proxyType = 1;
			remoteGlobalIDString = 398694D12B8AAE8200E7E871;
			remoteInfo = TableView;
		};
		398694F32B8AAE8400E7E871 /* PBXContainerItemProxy */ = {
			isa = PBXContainerItemProxy;
			containerPortal = 398694CA2B8AAE8200E7E871 /* Project object */;
			proxyType = 1;
			remoteGlobalIDString = 398694D12B8AAE8200E7E871;
			remoteInfo = TableView;
		};
/* End PBXContainerItemProxy section */

/* Begin PBXFileReference section */
		398694D22B8AAE8200E7E871 /* TableView.app */ = {isa = PBXFileReference; explicitFileType = wrapper.application; includeInIndex = 0; path = TableView.app; sourceTree = BUILT_PRODUCTS_DIR; };
		398694D52B8AAE8200E7E871 /* AppDelegate.swift */ = {isa = PBXFileReference; lastKnownFileType = sourcecode.swift; path = AppDelegate.swift; sourceTree = "<group>"; };
		398694D72B8AAE8200E7E871 /* SceneDelegate.swift */ = {isa = PBXFileReference; lastKnownFileType = sourcecode.swift; path = SceneDelegate.swift; sourceTree = "<group>"; };
		398694D92B8AAE8200E7E871 /* ViewController.swift */ = {isa = PBXFileReference; lastKnownFileType = sourcecode.swift; path = ViewController.swift; sourceTree = "<group>"; };
		398694DC2B8AAE8200E7E871 /* Base */ = {isa = PBXFileReference; lastKnownFileType = file.storyboard; name = Base; path = Base.lproj/Main.storyboard; sourceTree = "<group>"; };
		398694DE2B8AAE8300E7E871 /* Assets.xcassets */ = {isa = PBXFileReference; lastKnownFileType = folder.assetcatalog; path = Assets.xcassets; sourceTree = "<group>"; };
		398694E12B8AAE8300E7E871 /* Base */ = {isa = PBXFileReference; lastKnownFileType = file.storyboard; name = Base; path = Base.lproj/LaunchScreen.storyboard; sourceTree = "<group>"; };
		398694E32B8AAE8300E7E871 /* Info.plist */ = {isa = PBXFileReference; lastKnownFileType = text.plist.xml; path = Info.plist; sourceTree = "<group>"; };
		398694E82B8AAE8400E7E871 /* TableViewTests.xctest */ = {isa = PBXFileReference; explicitFileType = wrapper.cfbundle; includeInIndex = 0; path = TableViewTests.xctest; sourceTree = BUILT_PRODUCTS_DIR; };
		398694EC2B8AAE8400E7E871 /* TableViewTests.swift */ = {isa = PBXFileReference; lastKnownFileType = sourcecode.swift; path = TableViewTests.swift; sourceTree = "<group>"; };
		398694F22B8AAE8400E7E871 /* TableViewUITests.xctest */ = {isa = PBXFileReference; explicitFileType = wrapper.cfbundle; includeInIndex = 0; path = TableViewUITests.xctest; sourceTree = BUILT_PRODUCTS_DIR; };
		398694F62B8AAE8400E7E871 /* TableViewUITests.swift */ = {isa = PBXFileReference; lastKnownFileType = sourcecode.swift; path = TableViewUITests.swift; sourceTree = "<group>"; };
		398694F82B8AAE8400E7E871 /* TableViewUITestsLaunchTests.swift */ = {isa = PBXFileReference; lastKnownFileType = sourcecode.swift; path = TableViewUITestsLaunchTests.swift; sourceTree = "<group>"; };
/* End PBXFileReference section */

/* Begin PBXFrameworksBuildPhase section */
		398694CF2B8AAE8200E7E871 /* Frameworks */ = {
			isa = PBXFrameworksBuildPhase;
			buildActionMask = 2147483647;
			files = (
			);
			runOnlyForDeploymentPostprocessing = 0;
		};
		398694E52B8AAE8400E7E871 /* Frameworks */ = {
			isa = PBXFrameworksBuildPhase;
			buildActionMask = 2147483647;
			files = (
			);
			runOnlyForDeploymentPostprocessing = 0;
		};
		398694EF2B8AAE8400E7E871 /* Frameworks */ = {
			isa = PBXFrameworksBuildPhase;
			buildActionMask = 2147483647;
			files = (
			);
			runOnlyForDeploymentPostprocessing = 0;
		};
/* End PBXFrameworksBuildPhase section */

/* Begin PBXGroup section */
		398694C92B8AAE8200E7E871 = {
			isa = PBXGroup;
			children = (
				398694D42B8AAE8200E7E871 /* TableView */,
				398694EB2B8AAE8400E7E871 /* TableViewTests */,
				398694F52B8AAE8400E7E871 /* TableViewUITests */,
				398694D32B8AAE8200E7E871 /* Products */,
			);
			sourceTree = "<group>";
		};
		398694D32B8AAE8200E7E871 /* Products */ = {
			isa = PBXGroup;
			children = (
				398694D22B8AAE8200E7E871 /* TableView.app */,
				398694E82B8AAE8400E7E871 /* TableViewTests.xctest */,
				398694F22B8AAE8400E7E871 /* TableViewUITests.xctest */,
			);
			name = Products;
			sourceTree = "<group>";
		};
		398694D42B8AAE8200E7E871 /* TableView */ = {
			isa = PBXGroup;
			children = (
				398694D52B8AAE8200E7E871 /* AppDelegate.swift */,
				398694D72B8AAE8200E7E871 /* SceneDelegate.swift */,
				398694D92B8AAE8200E7E871 /* ViewController.swift */,
				398694DB2B8AAE8200E7E871 /* Main.storyboard */,
				398694DE2B8AAE8300E7E871 /* Assets.xcassets */,
				398694E02B8AAE8300E7E871 /* LaunchScreen.storyboard */,
				398694E32B8AAE8300E7E871 /* Info.plist */,
			);
			path = TableView;
			sourceTree = "<group>";
		};
		398694EB2B8AAE8400E7E871 /* TableViewTests */ = {
			isa = PBXGroup;
			children = (
				398694EC2B8AAE8400E7E871 /* TableViewTests.swift */,
			);
			path = TableViewTests;
			sourceTree = "<group>";
		};
		398694F52B8AAE8400E7E871 /* TableViewUITests */ = {
			isa = PBXGroup;
			children = (
				398694F62B8AAE8400E7E871 /* TableViewUITests.swift */,
				398694F82B8AAE8400E7E871 /* TableViewUITestsLaunchTests.swift */,
			);
			path = TableViewUITests;
			sourceTree = "<group>";
		};
/* End PBXGroup section */

/* Begin PBXNativeTarget section */
		398694D12B8AAE8200E7E871 /* TableView */ = {
			isa = PBXNativeTarget;
			buildConfigurationList = 398694FC2B8AAE8400E7E871 /* Build configuration list for PBXNativeTarget "TableView" */;
			buildPhases = (
				398694CE2B8AAE8200E7E871 /* Sources */,
				398694CF2B8AAE8200E7E871 /* Frameworks */,
				398694D02B8AAE8200E7E871 /* Resources */,
			);
			buildRules = (
			);
			dependencies = (
			);
			name = TableView;
			productName = TableView;
			productReference = 398694D22B8AAE8200E7E871 /* TableView.app */;
			productType = "com.apple.product-type.application";
		};
		398694E72B8AAE8400E7E871 /* TableViewTests */ = {
			isa = PBXNativeTarget;
			buildConfigurationList = 398694FF2B8AAE8400E7E871 /* Build configuration list for PBXNativeTarget "TableViewTests" */;
			buildPhases = (
				398694E42B8AAE8400E7E871 /* Sources */,
				398694E52B8AAE8400E7E871 /* Frameworks */,
				398694E62B8AAE8400E7E871 /* Resources */,
			);
			buildRules = (
			);
			dependencies = (
				398694EA2B8AAE8400E7E871 /* PBXTargetDependency */,
			);
			name = TableViewTests;
			productName = TableViewTests;
			productReference = 398694E82B8AAE8400E7E871 /* TableViewTests.xctest */;
			productType = "com.apple.product-type.bundle.unit-test";
		};
		398694F12B8AAE8400E7E871 /* TableViewUITests */ = {
			isa = PBXNativeTarget;
			buildConfigurationList = 398695022B8AAE8400E7E871 /* Build configuration list for PBXNativeTarget "TableViewUITests" */;
			buildPhases = (
				398694EE2B8AAE8400E7E871 /* Sources */,
				398694EF2B8AAE8400E7E871 /* Frameworks */,
				398694F02B8AAE8400E7E871 /* Resources */,
			);
			buildRules = (
			);
			dependencies = (
				398694F42B8AAE8400E7E871 /* PBXTargetDependency */,
			);
			name = TableViewUITests;
			productName = TableViewUITests;
			productReference = 398694F22B8AAE8400E7E871 /* TableViewUITests.xctest */;
			productType = "com.apple.product-type.bundle.ui-testing";
		};
/* End PBXNativeTarget section */

/* Begin PBXProject section */
		398694CA2B8AAE8200E7E871 /* Project object */ = {
			isa = PBXProject;
			attributes = {
				BuildIndependentTargetsInParallel = 1;
				LastSwiftUpdateCheck = 1520;
				LastUpgradeCheck = 1520;
				TargetAttributes = {
					398694D12B8AAE8200E7E871 = {
						CreatedOnToolsVersion = 15.2;
					};
					398694E72B8AAE8400E7E871 = {
						CreatedOnToolsVersion = 15.2;
						TestTargetID = 398694D12B8AAE8200E7E871;
					};
					398694F12B8AAE8400E7E871 = {
						CreatedOnToolsVersion = 15.2;
						TestTargetID = 398694D12B8AAE8200E7E871;
					};
				};
			};
			buildConfigurationList = 398694CD2B8AAE8200E7E871 /* Build configuration list for PBXProject "TableView" */;
			compatibilityVersion = "Xcode 14.0";
			developmentRegion = en;
			hasScannedForEncodings = 0;
			knownRegions = (
				en,
				Base,
			);
			mainGroup = 398694C92B8AAE8200E7E871;
			productRefGroup = 398694D32B8AAE8200E7E871 /* Products */;
			projectDirPath = "";
			projectRoot = "";
			targets = (
				398694D12B8AAE8200E7E871 /* TableView */,
				398694E72B8AAE8400E7E871 /* TableViewTests */,
				398694F12B8AAE8400E7E871 /* TableViewUITests */,
			);
		};
/* End PBXProject section */

/* Begin PBXResourcesBuildPhase section */
		398694D02B8AAE8200E7E871 /* Resources */ = {
			isa = PBXResourcesBuildPhase;
			buildActionMask = 2147483647;
			files = (
				398694E22B8AAE8300E7E871 /* LaunchScreen.storyboard in Resources */,
				398694DF2B8AAE8300E7E871 /* Assets.xcassets in Resources */,
				398694DD2B8AAE8200E7E871 /* Main.storyboard in Resources */,
			);
			runOnlyForDeploymentPostprocessing = 0;
		};
		398694E62B8AAE8400E7E871 /* Resources */ = {
			isa = PBXResourcesBuildPhase;
			buildActionMask = 2147483647;
			files = (
			);
			runOnlyForDeploymentPostprocessing = 0;
		};
		398694F02B8AAE8400E7E871 /* Resources */ = {
			isa = PBXResourcesBuildPhase;
			buildActionMask = 2147483647;
			files = (
			);
			runOnlyForDeploymentPostprocessing = 0;
		};
/* End PBXResourcesBuildPhase section */

/* Begin PBXSourcesBuildPhase section */
		398694CE2B8AAE8200E7E871 /* Sources */ = {
			isa = PBXSourcesBuildPhase;
			buildActionMask = 2147483647;
			files = (
				398694DA2B8AAE8200E7E871 /* ViewController.swift in Sources */,
				398694D62B8AAE8200E7E871 /* AppDelegate.swift in Sources */,
				398694D82B8AAE8200E7E871 /* SceneDelegate.swift in Sources */,
			);
			runOnlyForDeploymentPostprocessing = 0;
		};
		398694E42B8AAE8400E7E871 /* Sources */ = {
			isa = PBXSourcesBuildPhase;
			buildActionMask = 2147483647;
			files = (
				398694ED2B8AAE8400E7E871 /* TableViewTests.swift in Sources */,
			);
			runOnlyForDeploymentPostprocessing = 0;
		};
		398694EE2B8AAE8400E7E871 /* Sources */ = {
			isa = PBXSourcesBuildPhase;
			buildActionMask = 2147483647;
			files = (
				398694F92B8AAE8400E7E871 /* TableViewUITestsLaunchTests.swift in Sources */,
				398694F72B8AAE8400E7E871 /* TableViewUITests.swift in Sources */,
			);
			runOnlyForDeploymentPostprocessing = 0;
		};
/* End PBXSourcesBuildPhase section */

/* Begin PBXTargetDependency section */
		398694EA2B8AAE8400E7E871 /* PBXTargetDependency */ = {
			isa = PBXTargetDependency;
			target = 398694D12B8AAE8200E7E871 /* TableView */;
			targetProxy = 398694E92B8AAE8400E7E871 /* PBXContainerItemProxy */;
		};
		398694F42B8AAE8400E7E871 /* PBXTargetDependency */ = {
			isa = PBXTargetDependency;
			target = 398694D12B8AAE8200E7E871 /* TableView */;
			targetProxy = 398694F32B8AAE8400E7E871 /* PBXContainerItemProxy */;
		};
/* End PBXTargetDependency section */

/* Begin PBXVariantGroup section */
		398694DB2B8AAE8200E7E871 /* Main.storyboard */ = {
			isa = PBXVariantGroup;
			children = (
				398694DC2B8AAE8200E7E871 /* Base */,
			);
			name = Main.storyboard;
			sourceTree = "<group>";
		};
		398694E02B8AAE8300E7E871 /* LaunchScreen.storyboard */ = {
			isa = PBXVariantGroup;
			children = (
				398694E12B8AAE8300E7E871 /* Base */,
			);
			name = LaunchScreen.storyboard;
			sourceTree = "<group>";
		};
/* End PBXVariantGroup section */

/* Begin XCBuildConfiguration section */
		398694FA2B8AAE8400E7E871 /* Debug */ = {
			isa = XCBuildConfiguration;
			buildSettings = {
				ALWAYS_SEARCH_USER_PATHS = NO;
				ASSETCATALOG_COMPILER_GENERATE_SWIFT_ASSET_SYMBOL_EXTENSIONS = YES;
				CLANG_ANALYZER_NONNULL = YES;
				CLANG_ANALYZER_NUMBER_OBJECT_CONVERSION = YES_AGGRESSIVE;
				CLANG_CXX_LANGUAGE_STANDARD = "gnu++20";
				CLANG_ENABLE_MODULES = YES;
				CLANG_ENABLE_OBJC_ARC = YES;
				CLANG_ENABLE_OBJC_WEAK = YES;
				CLANG_WARN_BLOCK_CAPTURE_AUTORELEASING = YES;
				CLANG_WARN_BOOL_CONVERSION = YES;
				CLANG_WARN_COMMA = YES;
				CLANG_WARN_CONSTANT_CONVERSION = YES;
				CLANG_WARN_DEPRECATED_OBJC_IMPLEMENTATIONS = YES;
				CLANG_WARN_DIRECT_OBJC_ISA_USAGE = YES_ERROR;
				CLANG_WARN_DOCUMENTATION_COMMENTS = YES;
				CLANG_WARN_EMPTY_BODY = YES;
				CLANG_WARN_ENUM_CONVERSION = YES;
				CLANG_WARN_INFINITE_RECURSION = YES;
				CLANG_WARN_INT_CONVERSION = YES;
				CLANG_WARN_NON_LITERAL_NULL_CONVERSION = YES;
				CLANG_WARN_OBJC_IMPLICIT_RETAIN_SELF = YES;
				CLANG_WARN_OBJC_LITERAL_CONVERSION = YES;
				CLANG_WARN_OBJC_ROOT_CLASS = YES_ERROR;
				CLANG_WARN_QUOTED_INCLUDE_IN_FRAMEWORK_HEADER = YES;
				CLANG_WARN_RANGE_LOOP_ANALYSIS = YES;
				CLANG_WARN_STRICT_PROTOTYPES = YES;
				CLANG_WARN_SUSPICIOUS_MOVE = YES;
				CLANG_WARN_UNGUARDED_AVAILABILITY = YES_AGGRESSIVE;
				CLANG_WARN_UNREACHABLE_CODE = YES;
				CLANG_WARN__DUPLICATE_METHOD_MATCH = YES;
				COPY_PHASE_STRIP = NO;
				DEBUG_INFORMATION_FORMAT = dwarf;
				ENABLE_STRICT_OBJC_MSGSEND = YES;
				ENABLE_TESTABILITY = YES;
				ENABLE_USER_SCRIPT_SANDBOXING = YES;
				GCC_C_LANGUAGE_STANDARD = gnu17;
				GCC_DYNAMIC_NO_PIC = NO;
				GCC_NO_COMMON_BLOCKS = YES;
				GCC_OPTIMIZATION_LEVEL = 0;
				GCC_PREPROCESSOR_DEFINITIONS = (
					"DEBUG=1",
					"$(inherited)",
				);
				GCC_WARN_64_TO_32_BIT_CONVERSION = YES;
				GCC_WARN_ABOUT_RETURN_TYPE = YES_ERROR;
				GCC_WARN_UNDECLARED_SELECTOR = YES;
				GCC_WARN_UNINITIALIZED_AUTOS = YES_AGGRESSIVE;
				GCC_WARN_UNUSED_FUNCTION = YES;
				GCC_WARN_UNUSED_VARIABLE = YES;
				IPHONEOS_DEPLOYMENT_TARGET = 17.2;
				LOCALIZATION_PREFERS_STRING_CATALOGS = YES;
				MTL_ENABLE_DEBUG_INFO = INCLUDE_SOURCE;
				MTL_FAST_MATH = YES;
				ONLY_ACTIVE_ARCH = YES;
				SDKROOT = iphoneos;
				SWIFT_ACTIVE_COMPILATION_CONDITIONS = "DEBUG $(inherited)";
				SWIFT_OPTIMIZATION_LEVEL = "-Onone";
			};
			name = Debug;
		};
		398694FB2B8AAE8400E7E871 /* Release */ = {
			isa = XCBuildConfiguration;
			buildSettings = {
				ALWAYS_SEARCH_USER_PATHS = NO;
				ASSETCATALOG_COMPILER_GENERATE_SWIFT_ASSET_SYMBOL_EXTENSIONS = YES;
				CLANG_ANALYZER_NONNULL = YES;
				CLANG_ANALYZER_NUMBER_OBJECT_CONVERSION = YES_AGGRESSIVE;
				CLANG_CXX_LANGUAGE_STANDARD = "gnu++20";
				CLANG_ENABLE_MODULES = YES;
				CLANG_ENABLE_OBJC_ARC = YES;
				CLANG_ENABLE_OBJC_WEAK = YES;
				CLANG_WARN_BLOCK_CAPTURE_AUTORELEASING = YES;
				CLANG_WARN_BOOL_CONVERSION = YES;
				CLANG_WARN_COMMA = YES;
				CLANG_WARN_CONSTANT_CONVERSION = YES;
				CLANG_WARN_DEPRECATED_OBJC_IMPLEMENTATIONS = YES;
				CLANG_WARN_DIRECT_OBJC_ISA_USAGE = YES_ERROR;
				CLANG_WARN_DOCUMENTATION_COMMENTS = YES;
				CLANG_WARN_EMPTY_BODY = YES;
				CLANG_WARN_ENUM_CONVERSION = YES;
				CLANG_WARN_INFINITE_RECURSION = YES;
				CLANG_WARN_INT_CONVERSION = YES;
				CLANG_WARN_NON_LITERAL_NULL_CONVERSION = YES;
				CLANG_WARN_OBJC_IMPLICIT_RETAIN_SELF = YES;
				CLANG_WARN_OBJC_LITERAL_CONVERSION = YES;
				CLANG_WARN_OBJC_ROOT_CLASS = YES_ERROR;
				CLANG_WARN_QUOTED_INCLUDE_IN_FRAMEWORK_HEADER = YES;
				CLANG_WARN_RANGE_LOOP_ANALYSIS = YES;
				CLANG_WARN_STRICT_PROTOTYPES = YES;
				CLANG_WARN_SUSPICIOUS_MOVE = YES;
				CLANG_WARN_UNGUARDED_AVAILABILITY = YES_AGGRESSIVE;
				CLANG_WARN_UNREACHABLE_CODE = YES;
				CLANG_WARN__DUPLICATE_METHOD_MATCH = YES;
				COPY_PHASE_STRIP = NO;
				DEBUG_INFORMATION_FORMAT = "dwarf-with-dsym";
				ENABLE_NS_ASSERTIONS = NO;
				ENABLE_STRICT_OBJC_MSGSEND = YES;
				ENABLE_USER_SCRIPT_SANDBOXING = YES;
				GCC_C_LANGUAGE_STANDARD = gnu17;
				GCC_NO_COMMON_BLOCKS = YES;
				GCC_WARN_64_TO_32_BIT_CONVERSION = YES;
				GCC_WARN_ABOUT_RETURN_TYPE = YES_ERROR;
				GCC_WARN_UNDECLARED_SELECTOR = YES;
				GCC_WARN_UNINITIALIZED_AUTOS = YES_AGGRESSIVE;
				GCC_WARN_UNUSED_FUNCTION = YES;
				GCC_WARN_UNUSED_VARIABLE = YES;
				IPHONEOS_DEPLOYMENT_TARGET = 17.2;
				LOCALIZATION_PREFERS_STRING_CATALOGS = YES;
				MTL_ENABLE_DEBUG_INFO = NO;
				MTL_FAST_MATH = YES;
				SDKROOT = iphoneos;
				SWIFT_COMPILATION_MODE = wholemodule;
				VALIDATE_PRODUCT = YES;
			};
			name = Release;
		};
		398694FD2B8AAE8400E7E871 /* Debug */ = {
			isa = XCBuildConfiguration;
			buildSettings = {
				ASSETCATALOG_COMPILER_APPICON_NAME = AppIcon;
				ASSETCATALOG_COMPILER_GLOBAL_ACCENT_COLOR_NAME = AccentColor;
				CODE_SIGN_STYLE = Automatic;
				CURRENT_PROJECT_VERSION = 1;
				GENERATE_INFOPLIST_FILE = YES;
				INFOPLIST_FILE = TableView/Info.plist;
				INFOPLIST_KEY_UIApplicationSupportsIndirectInputEvents = YES;
				INFOPLIST_KEY_UILaunchStoryboardName = LaunchScreen;
				INFOPLIST_KEY_UIMainStoryboardFile = Main;
				INFOPLIST_KEY_UISupportedInterfaceOrientations_iPad = "UIInterfaceOrientationPortrait UIInterfaceOrientationPortraitUpsideDown UIInterfaceOrientationLandscapeLeft UIInterfaceOrientationLandscapeRight";
				INFOPLIST_KEY_UISupportedInterfaceOrientations_iPhone = "UIInterfaceOrientationPortrait UIInterfaceOrientationLandscapeLeft UIInterfaceOrientationLandscapeRight";
				LD_RUNPATH_SEARCH_PATHS = (
					"$(inherited)",
					"@executable_path/Frameworks",
				);
				MARKETING_VERSION = 1.0;
				PRODUCT_BUNDLE_IDENTIFIER = "auburn.edu-mzn0069.TableView";
				PRODUCT_NAME = "$(TARGET_NAME)";
				SWIFT_EMIT_LOC_STRINGS = YES;
				SWIFT_VERSION = 5.0;
				TARGETED_DEVICE_FAMILY = "1,2";
			};
			name = Debug;
		};
		398694FE2B8AAE8400E7E871 /* Release */ = {
			isa = XCBuildConfiguration;
			buildSettings = {
				ASSETCATALOG_COMPILER_APPICON_NAME = AppIcon;
				ASSETCATALOG_COMPILER_GLOBAL_ACCENT_COLOR_NAME = AccentColor;
				CODE_SIGN_STYLE = Automatic;
				CURRENT_PROJECT_VERSION = 1;
				GENERATE_INFOPLIST_FILE = YES;
				INFOPLIST_FILE = TableView/Info.plist;
				INFOPLIST_KEY_UIApplicationSupportsIndirectInputEvents = YES;
				INFOPLIST_KEY_UILaunchStoryboardName = LaunchScreen;
				INFOPLIST_KEY_UIMainStoryboardFile = Main;
				INFOPLIST_KEY_UISupportedInterfaceOrientations_iPad = "UIInterfaceOrientationPortrait UIInterfaceOrientationPortraitUpsideDown UIInterfaceOrientationLandscapeLeft UIInterfaceOrientationLandscapeRight";
				INFOPLIST_KEY_UISupportedInterfaceOrientations_iPhone = "UIInterfaceOrientationPortrait UIInterfaceOrientationLandscapeLeft UIInterfaceOrientationLandscapeRight";
				LD_RUNPATH_SEARCH_PATHS = (
					"$(inherited)",
					"@executable_path/Frameworks",
				);
				MARKETING_VERSION = 1.0;
				PRODUCT_BUNDLE_IDENTIFIER = "auburn.edu-mzn0069.TableView";
				PRODUCT_NAME = "$(TARGET_NAME)";
				SWIFT_EMIT_LOC_STRINGS = YES;
				SWIFT_VERSION = 5.0;
				TARGETED_DEVICE_FAMILY = "1,2";
			};
			name = Release;
		};
		398695002B8AAE8400E7E871 /* Debug */ = {
			isa = XCBuildConfiguration;
			buildSettings = {
				ALWAYS_EMBED_SWIFT_STANDARD_LIBRARIES = YES;
				BUNDLE_LOADER = "$(TEST_HOST)";
				CODE_SIGN_STYLE = Automatic;
				CURRENT_PROJECT_VERSION = 1;
				GENERATE_INFOPLIST_FILE = YES;
				IPHONEOS_DEPLOYMENT_TARGET = 17.2;
				MARKETING_VERSION = 1.0;
				PRODUCT_BUNDLE_IDENTIFIER = "auburn.edu-mzn0069.TableViewTests";
				PRODUCT_NAME = "$(TARGET_NAME)";
				SWIFT_EMIT_LOC_STRINGS = NO;
				SWIFT_VERSION = 5.0;
				TARGETED_DEVICE_FAMILY = "1,2";
				TEST_HOST = "$(BUILT_PRODUCTS_DIR)/TableView.app/$(BUNDLE_EXECUTABLE_FOLDER_PATH)/TableView";
			};
			name = Debug;
		};
		398695012B8AAE8400E7E871 /* Release */ = {
			isa = XCBuildConfiguration;
			buildSettings = {
				ALWAYS_EMBED_SWIFT_STANDARD_LIBRARIES = YES;
				BUNDLE_LOADER = "$(TEST_HOST)";
				CODE_SIGN_STYLE = Automatic;
				CURRENT_PROJECT_VERSION = 1;
				GENERATE_INFOPLIST_FILE = YES;
				IPHONEOS_DEPLOYMENT_TARGET = 17.2;
				MARKETING_VERSION = 1.0;
				PRODUCT_BUNDLE_IDENTIFIER = "auburn.edu-mzn0069.TableViewTests";
				PRODUCT_NAME = "$(TARGET_NAME)";
				SWIFT_EMIT_LOC_STRINGS = NO;
				SWIFT_VERSION = 5.0;
				TARGETED_DEVICE_FAMILY = "1,2";
				TEST_HOST = "$(BUILT_PRODUCTS_DIR)/TableView.app/$(BUNDLE_EXECUTABLE_FOLDER_PATH)/TableView";
			};
			name = Release;
		};
		398695032B8AAE8400E7E871 /* Debug */ = {
			isa = XCBuildConfiguration;
			buildSettings = {
				ALWAYS_EMBED_SWIFT_STANDARD_LIBRARIES = YES;
				CODE_SIGN_STYLE = Automatic;
				CURRENT_PROJECT_VERSION = 1;
				GENERATE_INFOPLIST_FILE = YES;
				MARKETING_VERSION = 1.0;
				PRODUCT_BUNDLE_IDENTIFIER = "auburn.edu-mzn0069.TableViewUITests";
				PRODUCT_NAME = "$(TARGET_NAME)";
				SWIFT_EMIT_LOC_STRINGS = NO;
				SWIFT_VERSION = 5.0;
				TARGETED_DEVICE_FAMILY = "1,2";
				TEST_TARGET_NAME = TableView;
			};
			name = Debug;
		};
		398695042B8AAE8400E7E871 /* Release */ = {
			isa = XCBuildConfiguration;
			buildSettings = {
				ALWAYS_EMBED_SWIFT_STANDARD_LIBRARIES = YES;
				CODE_SIGN_STYLE = Automatic;
				CURRENT_PROJECT_VERSION = 1;
				GENERATE_INFOPLIST_FILE = YES;
				MARKETING_VERSION = 1.0;
				PRODUCT_BUNDLE_IDENTIFIER = "auburn.edu-mzn0069.TableViewUITests";
				PRODUCT_NAME = "$(TARGET_NAME)";
				SWIFT_EMIT_LOC_STRINGS = NO;
				SWIFT_VERSION = 5.0;
				TARGETED_DEVICE_FAMILY = "1,2";
				TEST_TARGET_NAME = TableView;
			};
			name = Release;
		};
/* End XCBuildConfiguration section */

/* Begin XCConfigurationList section */
		398694CD2B8AAE8200E7E871 /* Build configuration list for PBXProject "TableView" */ = {
			isa = XCConfigurationList;
			buildConfigurations = (
				398694FA2B8AAE8400E7E871 /* Debug */,
				398694FB2B8AAE8400E7E871 /* Release */,
			);
			defaultConfigurationIsVisible = 0;
			defaultConfigurationName = Release;
		};
		398694FC2B8AAE8400E7E871 /* Build configuration list for PBXNativeTarget "TableView" */ = {
			isa = XCConfigurationList;
			buildConfigurations = (
				398694FD2B8AAE8400E7E871 /* Debug */,
				398694FE2B8AAE8400E7E871 /* Release */,
			);
			defaultConfigurationIsVisible = 0;
			defaultConfigurationName = Release;
		};
		398694FF2B8AAE8400E7E871 /* Build configuration list for PBXNativeTarget "TableViewTests" */ = {
			isa = XCConfigurationList;
			buildConfigurations = (
				398695002B8AAE8400E7E871 /* Debug */,
				398695012B8AAE8400E7E871 /* Release */,
			);
			defaultConfigurationIsVisible = 0;
			defaultConfigurationName = Release;
		};
		398695022B8AAE8400E7E871 /* Build configuration list for PBXNativeTarget "TableViewUITests" */ = {
			isa = XCConfigurationList;
			buildConfigurations = (
				398695032B8AAE8400E7E871 /* Debug */,
				398695042B8AAE8400E7E871 /* Release */,
			);
			defaultConfigurationIsVisible = 0;
			defaultConfigurationName = Release;
		};
/* End XCConfigurationList section */
	};
	rootObject = 398694CA2B8AAE8200E7E871 /* Project object */;
}
